
Microsoft Visual Studio Solution File, Format Version 12.00
# Visual Studio Version 16
VisualStudioVersion = 16.0.31702.278
MinimumVisualStudioVersion = 10.0.40219.1
Project("{FAE04EC0-301F-11D3-BF4B-00C04F79EFBC}") = "Practice2", "Practice2\Practice2.csproj", "{3DF122F3-5380-4D2C-AC8D-6E4157696EE3}"
EndProject
Global
	GlobalSection(SolutionConfigurationPlatforms) = preSolution
		Debug|Any CPU = Debug|Any CPU
		Release|Any CPU = Release|Any CPU
	EndGlobalSection
	GlobalSection(ProjectConfigurationPlatforms) = postSolution
		{3DF122F3-5380-4D2C-AC8D-6E4157696EE3}.Debug|Any CPU.ActiveCfg = Debug|Any CPU
		{3DF122F3-5380-4D2C-AC8D-6E4157696EE3}.Debug|Any CPU.Build.0 = Debug|Any CPU
		{3DF122F3-5380-4D2C-AC8D-6E4157696EE3}.Release|Any CPU.ActiveCfg = Release|Any CPU
		{3DF122F3-5380-4D2C-AC8D-6E4157696EE3}.Release|Any CPU.Build.0 = Release|Any CPU
	EndGlobalSection
	GlobalSection(SolutionProperties) = preSolution
		HideSolutionNode = FALSE
	EndGlobalSection
	GlobalSection(ExtensibilityGlobals) = postSolution
		SolutionGuid = {835FDB31-BA80-48AC-A814-B75814AFEE55}
	EndGlobalSection
EndGlobal
